
Microsoft Visual Studio Solution File, Format Version 12.00
# Visual Studio Version 17
VisualStudioVersion = 17.2.32630.192
MinimumVisualStudioVersion = 10.0.40219.1
Project("{8BC9CEB8-8B4A-11D0-8D11-00A0C91BC942}") = "Thermo2", "Thermo2\Thermo2.vcxproj", "{EDF29436-81C0-45A3-95AB-57A712ACF51B}"
EndProject
Global
	GlobalSection(SolutionConfigurationPlatforms) = preSolution
		Debug|x64 = Debug|x64
		Debug|x86 = Debug|x86
		Release|x64 = Release|x64
		Release|x86 = Release|x86
	EndGlobalSection
	GlobalSection(ProjectConfigurationPlatforms) = postSolution
		{EDF29436-81C0-45A3-95AB-57A712ACF51B}.Debug|x64.ActiveCfg = Debug|x64
		{EDF29436-81C0-45A3-95AB-57A712ACF51B}.Debug|x64.Build.0 = Debug|x64
		{EDF29436-81C0-45A3-95AB-57A712ACF51B}.Debug|x86.ActiveCfg = Debug|Win32
		{EDF29436-81C0-45A3-95AB-57A712ACF51B}.Debug|x86.Build.0 = Debug|Win32
		{EDF29436-81C0-45A3-95AB-57A712ACF51B}.Release|x64.ActiveCfg = Release|x64
		{EDF29436-81C0-45A3-95AB-57A712ACF51B}.Release|x64.Build.0 = Release|x64
		{EDF29436-81C0-45A3-95AB-57A712ACF51B}.Release|x86.ActiveCfg = Release|Win32
		{EDF29436-81C0-45A3-95AB-57A712ACF51B}.Release|x86.Build.0 = Release|Win32
	EndGlobalSection
	GlobalSection(SolutionProperties) = preSolution
		HideSolutionNode = FALSE
	EndGlobalSection
	GlobalSection(ExtensibilityGlobals) = postSolution
		SolutionGuid = {FA9194DF-EF47-4149-B30B-FD0DE1BEAFB7}
	EndGlobalSection
EndGlobal
